
Microsoft Visual Studio Solution File, Format Version 9.00
# Visual Studio 2005
Project("{FAE04EC0-301F-11D3-BF4B-00C04F79EFBC}") = "Engine", "Engine\Engine.csproj", "{FCA838B0-B2E2-4C06-B4C7-EA5820BBBF9A}"
EndProject
Project("{FAE04EC0-301F-11D3-BF4B-00C04F79EFBC}") = "MapEditor", "MapEditor\MapEditor.csproj", "{BD44EADC-A057-49A5-83A5-570E93F20F15}"
EndProject
Project("{FAE04EC0-301F-11D3-BF4B-00C04F79EFBC}") = "Mario", "Mario\Mario.csproj", "{504E013F-FBCE-4FE8-A3B2-50501076761C}"
EndProject
Global
	GlobalSection(SolutionConfigurationPlatforms) = preSolution
		Debug|Any CPU = Debug|Any CPU
		Release|Any CPU = Release|Any CPU
		WindowsRelease|Any CPU = WindowsRelease|Any CPU
	EndGlobalSection
	GlobalSection(ProjectConfigurationPlatforms) = postSolution
		{504E013F-FBCE-4FE8-A3B2-50501076761C}.Debug|Any CPU.ActiveCfg = Debug|Any CPU
		{504E013F-FBCE-4FE8-A3B2-50501076761C}.Debug|Any CPU.Build.0 = Debug|Any CPU
		{504E013F-FBCE-4FE8-A3B2-50501076761C}.Release|Any CPU.ActiveCfg = Release|Any CPU
		{504E013F-FBCE-4FE8-A3B2-50501076761C}.Release|Any CPU.Build.0 = Release|Any CPU
		{504E013F-FBCE-4FE8-A3B2-50501076761C}.WindowsRelease|Any CPU.ActiveCfg = Debug|Any CPU
		{504E013F-FBCE-4FE8-A3B2-50501076761C}.WindowsRelease|Any CPU.Build.0 = Debug|Any CPU
		{BD44EADC-A057-49A5-83A5-570E93F20F15}.Debug|Any CPU.ActiveCfg = Debug|Any CPU
		{BD44EADC-A057-49A5-83A5-570E93F20F15}.Debug|Any CPU.Build.0 = Debug|Any CPU
		{BD44EADC-A057-49A5-83A5-570E93F20F15}.Release|Any CPU.ActiveCfg = Release|Any CPU
		{BD44EADC-A057-49A5-83A5-570E93F20F15}.Release|Any CPU.Build.0 = Release|Any CPU
		{BD44EADC-A057-49A5-83A5-570E93F20F15}.WindowsRelease|Any CPU.ActiveCfg = WindowsRelease|Any CPU
		{BD44EADC-A057-49A5-83A5-570E93F20F15}.WindowsRelease|Any CPU.Build.0 = WindowsRelease|Any CPU
		{FCA838B0-B2E2-4C06-B4C7-EA5820BBBF9A}.Debug|Any CPU.ActiveCfg = Debug|Any CPU
		{FCA838B0-B2E2-4C06-B4C7-EA5820BBBF9A}.Debug|Any CPU.Build.0 = Debug|Any CPU
		{FCA838B0-B2E2-4C06-B4C7-EA5820BBBF9A}.Release|Any CPU.ActiveCfg = Release|Any CPU
		{FCA838B0-B2E2-4C06-B4C7-EA5820BBBF9A}.Release|Any CPU.Build.0 = Release|Any CPU
		{FCA838B0-B2E2-4C06-B4C7-EA5820BBBF9A}.WindowsRelease|Any CPU.ActiveCfg = WindowsRelease|Any CPU
		{FCA838B0-B2E2-4C06-B4C7-EA5820BBBF9A}.WindowsRelease|Any CPU.Build.0 = WindowsRelease|Any CPU
	EndGlobalSection
	GlobalSection(MonoDevelopProperties) = preSolution
		StartupItem = Mario\Mario.csproj
	EndGlobalSection
EndGlobal
